
Microsoft Visual Studio Solution File, Format Version 12.00
# Visual Studio 15
VisualStudioVersion = 15.0.28010.2050
MinimumVisualStudioVersion = 10.0.40219.1
Project("{F2A71F9B-5D33-465A-A702-920D77279786}") = "KnightsTour", "KnightsTour\KnightsTour.fsproj", "{4A4015E1-81DD-4960-901E-A4B7A778E894}"
EndProject
Global
	GlobalSection(SolutionConfigurationPlatforms) = preSolution
		Debug|Any CPU = Debug|Any CPU
		Release|Any CPU = Release|Any CPU
	EndGlobalSection
	GlobalSection(ProjectConfigurationPlatforms) = postSolution
		{4A4015E1-81DD-4960-901E-A4B7A778E894}.Debug|Any CPU.ActiveCfg = Debug|Any CPU
		{4A4015E1-81DD-4960-901E-A4B7A778E894}.Debug|Any CPU.Build.0 = Debug|Any CPU
		{4A4015E1-81DD-4960-901E-A4B7A778E894}.Release|Any CPU.ActiveCfg = Release|Any CPU
		{4A4015E1-81DD-4960-901E-A4B7A778E894}.Release|Any CPU.Build.0 = Release|Any CPU
	EndGlobalSection
	GlobalSection(SolutionProperties) = preSolution
		HideSolutionNode = FALSE
	EndGlobalSection
	GlobalSection(ExtensibilityGlobals) = postSolution
		SolutionGuid = {4AEB9E05-6F08-4AB9-8E08-621A01E1EF78}
	EndGlobalSection
EndGlobal
