
Microsoft Visual Studio Solution File, Format Version 12.00
# Visual Studio 15
VisualStudioVersion = 15.0.28010.2050
MinimumVisualStudioVersion = 10.0.40219.1
Project("{F2A71F9B-5D33-465A-A702-920D77279786}") = "FifteenPuzzle", "FifteenPuzzle\FifteenPuzzle.fsproj", "{AFEB8B45-AF00-4DEA-A5A9-21F9C20F59A3}"
EndProject
Project("{F2A71F9B-5D33-465A-A702-920D77279786}") = "KnightsTour", "KnightsTour\KnightsTour.fsproj", "{B9BCB9A5-B0B9-4004-BA9E-4C36F972509B}"
EndProject
Project("{F2A71F9B-5D33-465A-A702-920D77279786}") = "Wandermaze", "Wandermaze\Wandermaze.fsproj", "{8ADCD039-E637-492B-A115-DCA99BB19925}"
EndProject
Global
	GlobalSection(SolutionConfigurationPlatforms) = preSolution
		Debug|Any CPU = Debug|Any CPU
		Release|Any CPU = Release|Any CPU
	EndGlobalSection
	GlobalSection(ProjectConfigurationPlatforms) = postSolution
		{AFEB8B45-AF00-4DEA-A5A9-21F9C20F59A3}.Debug|Any CPU.ActiveCfg = Debug|Any CPU
		{AFEB8B45-AF00-4DEA-A5A9-21F9C20F59A3}.Debug|Any CPU.Build.0 = Debug|Any CPU
		{AFEB8B45-AF00-4DEA-A5A9-21F9C20F59A3}.Release|Any CPU.ActiveCfg = Release|Any CPU
		{AFEB8B45-AF00-4DEA-A5A9-21F9C20F59A3}.Release|Any CPU.Build.0 = Release|Any CPU
		{B9BCB9A5-B0B9-4004-BA9E-4C36F972509B}.Debug|Any CPU.ActiveCfg = Debug|Any CPU
		{B9BCB9A5-B0B9-4004-BA9E-4C36F972509B}.Debug|Any CPU.Build.0 = Debug|Any CPU
		{B9BCB9A5-B0B9-4004-BA9E-4C36F972509B}.Release|Any CPU.ActiveCfg = Release|Any CPU
		{B9BCB9A5-B0B9-4004-BA9E-4C36F972509B}.Release|Any CPU.Build.0 = Release|Any CPU
		{8ADCD039-E637-492B-A115-DCA99BB19925}.Debug|Any CPU.ActiveCfg = Debug|Any CPU
		{8ADCD039-E637-492B-A115-DCA99BB19925}.Debug|Any CPU.Build.0 = Debug|Any CPU
		{8ADCD039-E637-492B-A115-DCA99BB19925}.Release|Any CPU.ActiveCfg = Release|Any CPU
		{8ADCD039-E637-492B-A115-DCA99BB19925}.Release|Any CPU.Build.0 = Release|Any CPU
	EndGlobalSection
	GlobalSection(SolutionProperties) = preSolution
		HideSolutionNode = FALSE
	EndGlobalSection
	GlobalSection(ExtensibilityGlobals) = postSolution
		SolutionGuid = {4AEB9E05-6F08-4AB9-8E08-621A01E1EF78}
	EndGlobalSection
EndGlobal
